// !$*UTF8*$!
{
	archiveVersion = 1;
	classes = {
	};
	objectVersion = 56;
	objects = {

/* Begin PBXBuildFile section */
		56A12B8C29B6CB4C00949A32 /* AppDelegate.swift in Sources */ = {isa = PBXBuildFile; fileRef = 56A12B8B29B6CB4C00949A32 /* AppDelegate.swift */; };
		56A12B8E29B6CB4C00949A32 /* SceneDelegate.swift in Sources */ = {isa = PBXBuildFile; fileRef = 56A12B8D29B6CB4C00949A32 /* SceneDelegate.swift */; };
		56A12B9029B6CB4C00949A32 /* ViewController.swift in Sources */ = {isa = PBXBuildFile; fileRef = 56A12B8F29B6CB4C00949A32 /* ViewController.swift */; };
		56A12B9329B6CB4C00949A32 /* Main.storyboard in Resources */ = {isa = PBXBuildFile; fileRef = 56A12B9129B6CB4C00949A32 /* Main.storyboard */; };
		56A12B9529B6CB4D00949A32 /* Assets.xcassets in Resources */ = {isa = PBXBuildFile; fileRef = 56A12B9429B6CB4D00949A32 /* Assets.xcassets */; };
		56A12B9829B6CB4D00949A32 /* LaunchScreen.storyboard in Resources */ = {isa = PBXBuildFile; fileRef = 56A12B9629B6CB4D00949A32 /* LaunchScreen.storyboard */; };
		56A12BB129B6D02500949A32 /* GoogleService-Info.plist in Resources */ = {isa = PBXBuildFile; fileRef = 56A12BB029B6D02500949A32 /* GoogleService-Info.plist */; };
		56A12BB429B6D17500949A32 /* FirebaseAnalytics in Frameworks */ = {isa = PBXBuildFile; productRef = 56A12BB329B6D17500949A32 /* FirebaseAnalytics */; };
		56A12BB629B6D17500949A32 /* FirebaseAuth in Frameworks */ = {isa = PBXBuildFile; productRef = 56A12BB529B6D17500949A32 /* FirebaseAuth */; };
		56A12BB829B6D17500949A32 /* FirebaseDatabase in Frameworks */ = {isa = PBXBuildFile; productRef = 56A12BB729B6D17500949A32 /* FirebaseDatabase */; };
		56A12BBA29B6D17500949A32 /* FirebaseFirestore in Frameworks */ = {isa = PBXBuildFile; productRef = 56A12BB929B6D17500949A32 /* FirebaseFirestore */; };
		56A12BBC29B6D17500949A32 /* FirebaseFunctions in Frameworks */ = {isa = PBXBuildFile; productRef = 56A12BBB29B6D17500949A32 /* FirebaseFunctions */; };
		56A12BBE29B6D17500949A32 /* FirebaseMessaging in Frameworks */ = {isa = PBXBuildFile; productRef = 56A12BBD29B6D17500949A32 /* FirebaseMessaging */; };
		56A12BC029B6D17500949A32 /* FirebaseRemoteConfig in Frameworks */ = {isa = PBXBuildFile; productRef = 56A12BBF29B6D17500949A32 /* FirebaseRemoteConfig */; };
		56A12BC229B6D17500949A32 /* FirebaseStorage in Frameworks */ = {isa = PBXBuildFile; productRef = 56A12BC129B6D17500949A32 /* FirebaseStorage */; };
		56A12BC429B7048D00949A32 /* RemoteConfigDefaults.plist in Resources */ = {isa = PBXBuildFile; fileRef = 56A12BC329B7048D00949A32 /* RemoteConfigDefaults.plist */; };
		D12913C01D7D91195A15BA5D /* Pods_talkApp.framework in Frameworks */ = {isa = PBXBuildFile; fileRef = 65478418D5C97D25632DF43E /* Pods_talkApp.framework */; };
/* End PBXBuildFile section */

/* Begin PBXFileReference section */
		03E24D6E293ACF3B5FEDC0DB /* Pods-talkApp.release.xcconfig */ = {isa = PBXFileReference; includeInIndex = 1; lastKnownFileType = text.xcconfig; name = "Pods-talkApp.release.xcconfig"; path = "Target Support Files/Pods-talkApp/Pods-talkApp.release.xcconfig"; sourceTree = "<group>"; };
		41846763CC8EE3CCA77C344C /* Pods-talkApp.debug.xcconfig */ = {isa = PBXFileReference; includeInIndex = 1; lastKnownFileType = text.xcconfig; name = "Pods-talkApp.debug.xcconfig"; path = "Target Support Files/Pods-talkApp/Pods-talkApp.debug.xcconfig"; sourceTree = "<group>"; };
		56A12B8829B6CB4C00949A32 /* talkApp.app */ = {isa = PBXFileReference; explicitFileType = wrapper.application; includeInIndex = 0; path = talkApp.app; sourceTree = BUILT_PRODUCTS_DIR; };
		56A12B8B29B6CB4C00949A32 /* AppDelegate.swift */ = {isa = PBXFileReference; lastKnownFileType = sourcecode.swift; path = AppDelegate.swift; sourceTree = "<group>"; };
		56A12B8D29B6CB4C00949A32 /* SceneDelegate.swift */ = {isa = PBXFileReference; lastKnownFileType = sourcecode.swift; path = SceneDelegate.swift; sourceTree = "<group>"; };
		56A12B8F29B6CB4C00949A32 /* ViewController.swift */ = {isa = PBXFileReference; lastKnownFileType = sourcecode.swift; path = ViewController.swift; sourceTree = "<group>"; };
		56A12B9229B6CB4C00949A32 /* Base */ = {isa = PBXFileReference; lastKnownFileType = file.storyboard; name = Base; path = Base.lproj/Main.storyboard; sourceTree = "<group>"; };
		56A12B9429B6CB4D00949A32 /* Assets.xcassets */ = {isa = PBXFileReference; lastKnownFileType = folder.assetcatalog; path = Assets.xcassets; sourceTree = "<group>"; };
		56A12B9729B6CB4D00949A32 /* Base */ = {isa = PBXFileReference; lastKnownFileType = file.storyboard; name = Base; path = Base.lproj/LaunchScreen.storyboard; sourceTree = "<group>"; };
		56A12B9929B6CB4D00949A32 /* Info.plist */ = {isa = PBXFileReference; lastKnownFileType = text.plist.xml; path = Info.plist; sourceTree = "<group>"; };
		56A12BB029B6D02500949A32 /* GoogleService-Info.plist */ = {isa = PBXFileReference; fileEncoding = 4; lastKnownFileType = text.plist.xml; path = "GoogleService-Info.plist"; sourceTree = "<group>"; };
		56A12BC329B7048D00949A32 /* RemoteConfigDefaults.plist */ = {isa = PBXFileReference; lastKnownFileType = text.plist.xml; path = RemoteConfigDefaults.plist; sourceTree = "<group>"; };
		65478418D5C97D25632DF43E /* Pods_talkApp.framework */ = {isa = PBXFileReference; explicitFileType = wrapper.framework; includeInIndex = 0; path = Pods_talkApp.framework; sourceTree = BUILT_PRODUCTS_DIR; };
/* End PBXFileReference section */

/* Begin PBXFrameworksBuildPhase section */
		56A12B8529B6CB4C00949A32 /* Frameworks */ = {
			isa = PBXFrameworksBuildPhase;
			buildActionMask = 2147483647;
			files = (
				56A12BBE29B6D17500949A32 /* FirebaseMessaging in Frameworks */,
				56A12BB829B6D17500949A32 /* FirebaseDatabase in Frameworks */,
				56A12BBA29B6D17500949A32 /* FirebaseFirestore in Frameworks */,
				56A12BC029B6D17500949A32 /* FirebaseRemoteConfig in Frameworks */,
				56A12BBC29B6D17500949A32 /* FirebaseFunctions in Frameworks */,
				56A12BC229B6D17500949A32 /* FirebaseStorage in Frameworks */,
				56A12BB429B6D17500949A32 /* FirebaseAnalytics in Frameworks */,
				56A12BB629B6D17500949A32 /* FirebaseAuth in Frameworks */,
				D12913C01D7D91195A15BA5D /* Pods_talkApp.framework in Frameworks */,
			);
			runOnlyForDeploymentPostprocessing = 0;
		};
/* End PBXFrameworksBuildPhase section */

/* Begin PBXGroup section */
		2587B9355FD2B418DF75CCBD /* Frameworks */ = {
			isa = PBXGroup;
			children = (
				65478418D5C97D25632DF43E /* Pods_talkApp.framework */,
			);
			name = Frameworks;
			sourceTree = "<group>";
		};
		56A12B7F29B6CB4C00949A32 = {
			isa = PBXGroup;
			children = (
				56A12B8A29B6CB4C00949A32 /* talkApp */,
				56A12B8929B6CB4C00949A32 /* Products */,
				5C3F3DDCA501E06FA116DB11 /* Pods */,
				2587B9355FD2B418DF75CCBD /* Frameworks */,
			);
			sourceTree = "<group>";
		};
		56A12B8929B6CB4C00949A32 /* Products */ = {
			isa = PBXGroup;
			children = (
				56A12B8829B6CB4C00949A32 /* talkApp.app */,
			);
			name = Products;
			sourceTree = "<group>";
		};
		56A12B8A29B6CB4C00949A32 /* talkApp */ = {
			isa = PBXGroup;
			children = (
				56A12BB029B6D02500949A32 /* GoogleService-Info.plist */,
				56A12B8B29B6CB4C00949A32 /* AppDelegate.swift */,
				56A12B8D29B6CB4C00949A32 /* SceneDelegate.swift */,
				56A12B8F29B6CB4C00949A32 /* ViewController.swift */,
				56A12B9129B6CB4C00949A32 /* Main.storyboard */,
				56A12B9429B6CB4D00949A32 /* Assets.xcassets */,
				56A12B9629B6CB4D00949A32 /* LaunchScreen.storyboard */,
				56A12B9929B6CB4D00949A32 /* Info.plist */,
				56A12BC329B7048D00949A32 /* RemoteConfigDefaults.plist */,
			);
			path = talkApp;
			sourceTree = "<group>";
		};
		5C3F3DDCA501E06FA116DB11 /* Pods */ = {
			isa = PBXGroup;
			children = (
				41846763CC8EE3CCA77C344C /* Pods-talkApp.debug.xcconfig */,
				03E24D6E293ACF3B5FEDC0DB /* Pods-talkApp.release.xcconfig */,
			);
			path = Pods;
			sourceTree = "<group>";
		};
/* End PBXGroup section */

/* Begin PBXNativeTarget section */
		56A12B8729B6CB4C00949A32 /* talkApp */ = {
			isa = PBXNativeTarget;
			buildConfigurationList = 56A12B9C29B6CB4D00949A32 /* Build configuration list for PBXNativeTarget "talkApp" */;
			buildPhases = (
				ADEB129F70F5962B57A07122 /* [CP] Check Pods Manifest.lock */,
				56A12B8429B6CB4C00949A32 /* Sources */,
				56A12B8529B6CB4C00949A32 /* Frameworks */,
				56A12B8629B6CB4C00949A32 /* Resources */,
				BD8F71D879871E16EF145D93 /* [CP] Embed Pods Frameworks */,
			);
			buildRules = (
			);
			dependencies = (
			);
			name = talkApp;
			packageProductDependencies = (
				56A12BB329B6D17500949A32 /* FirebaseAnalytics */,
				56A12BB529B6D17500949A32 /* FirebaseAuth */,
				56A12BB729B6D17500949A32 /* FirebaseDatabase */,
				56A12BB929B6D17500949A32 /* FirebaseFirestore */,
				56A12BBB29B6D17500949A32 /* FirebaseFunctions */,
				56A12BBD29B6D17500949A32 /* FirebaseMessaging */,
				56A12BBF29B6D17500949A32 /* FirebaseRemoteConfig */,
				56A12BC129B6D17500949A32 /* FirebaseStorage */,
			);
			productName = talkApp;
			productReference = 56A12B8829B6CB4C00949A32 /* talkApp.app */;
			productType = "com.apple.product-type.application";
		};
/* End PBXNativeTarget section */

/* Begin PBXProject section */
		56A12B8029B6CB4C00949A32 /* Project object */ = {
			isa = PBXProject;
			attributes = {
				BuildIndependentTargetsInParallel = 1;
				LastSwiftUpdateCheck = 1420;
				LastUpgradeCheck = 1420;
				TargetAttributes = {
					56A12B8729B6CB4C00949A32 = {
						CreatedOnToolsVersion = 14.2;
					};
				};
			};
			buildConfigurationList = 56A12B8329B6CB4C00949A32 /* Build configuration list for PBXProject "talkApp" */;
			compatibilityVersion = "Xcode 14.0";
			developmentRegion = en;
			hasScannedForEncodings = 0;
			knownRegions = (
				en,
				Base,
			);
			mainGroup = 56A12B7F29B6CB4C00949A32;
			packageReferences = (
				56A12BB229B6D17500949A32 /* XCRemoteSwiftPackageReference "firebase-ios-sdk" */,
			);
			productRefGroup = 56A12B8929B6CB4C00949A32 /* Products */;
			projectDirPath = "";
			projectRoot = "";
			targets = (
				56A12B8729B6CB4C00949A32 /* talkApp */,
			);
		};
/* End PBXProject section */

/* Begin PBXResourcesBuildPhase section */
		56A12B8629B6CB4C00949A32 /* Resources */ = {
			isa = PBXResourcesBuildPhase;
			buildActionMask = 2147483647;
			files = (
				56A12B9829B6CB4D00949A32 /* LaunchScreen.storyboard in Resources */,
				56A12BC429B7048D00949A32 /* RemoteConfigDefaults.plist in Resources */,
				56A12BB129B6D02500949A32 /* GoogleService-Info.plist in Resources */,
				56A12B9529B6CB4D00949A32 /* Assets.xcassets in Resources */,
				56A12B9329B6CB4C00949A32 /* Main.storyboard in Resources */,
			);
			runOnlyForDeploymentPostprocessing = 0;
		};
/* End PBXResourcesBuildPhase section */

/* Begin PBXShellScriptBuildPhase section */
		ADEB129F70F5962B57A07122 /* [CP] Check Pods Manifest.lock */ = {
			isa = PBXShellScriptBuildPhase;
			buildActionMask = 2147483647;
			files = (
			);
			inputFileListPaths = (
			);
			inputPaths = (
				"${PODS_PODFILE_DIR_PATH}/Podfile.lock",
				"${PODS_ROOT}/Manifest.lock",
			);
			name = "[CP] Check Pods Manifest.lock";
			outputFileListPaths = (
			);
			outputPaths = (
				"$(DERIVED_FILE_DIR)/Pods-talkApp-checkManifestLockResult.txt",
			);
			runOnlyForDeploymentPostprocessing = 0;
			shellPath = /bin/sh;
			shellScript = "diff \"${PODS_PODFILE_DIR_PATH}/Podfile.lock\" \"${PODS_ROOT}/Manifest.lock\" > /dev/null\nif [ $? != 0 ] ; then\n    # print error to STDERR\n    echo \"error: The sandbox is not in sync with the Podfile.lock. Run 'pod install' or update your CocoaPods installation.\" >&2\n    exit 1\nfi\n# This output is used by Xcode 'outputs' to avoid re-running this script phase.\necho \"SUCCESS\" > \"${SCRIPT_OUTPUT_FILE_0}\"\n";
			showEnvVarsInLog = 0;
		};
		BD8F71D879871E16EF145D93 /* [CP] Embed Pods Frameworks */ = {
			isa = PBXShellScriptBuildPhase;
			buildActionMask = 2147483647;
			files = (
			);
			inputFileListPaths = (
				"${PODS_ROOT}/Target Support Files/Pods-talkApp/Pods-talkApp-frameworks-${CONFIGURATION}-input-files.xcfilelist",
			);
			name = "[CP] Embed Pods Frameworks";
			outputFileListPaths = (
				"${PODS_ROOT}/Target Support Files/Pods-talkApp/Pods-talkApp-frameworks-${CONFIGURATION}-output-files.xcfilelist",
			);
			runOnlyForDeploymentPostprocessing = 0;
			shellPath = /bin/sh;
			shellScript = "\"${PODS_ROOT}/Target Support Files/Pods-talkApp/Pods-talkApp-frameworks.sh\"\n";
			showEnvVarsInLog = 0;
		};
/* End PBXShellScriptBuildPhase section */

/* Begin PBXSourcesBuildPhase section */
		56A12B8429B6CB4C00949A32 /* Sources */ = {
			isa = PBXSourcesBuildPhase;
			buildActionMask = 2147483647;
			files = (
				56A12B9029B6CB4C00949A32 /* ViewController.swift in Sources */,
				56A12B8C29B6CB4C00949A32 /* AppDelegate.swift in Sources */,
				56A12B8E29B6CB4C00949A32 /* SceneDelegate.swift in Sources */,
			);
			runOnlyForDeploymentPostprocessing = 0;
		};
/* End PBXSourcesBuildPhase section */

/* Begin PBXVariantGroup section */
		56A12B9129B6CB4C00949A32 /* Main.storyboard */ = {
			isa = PBXVariantGroup;
			children = (
				56A12B9229B6CB4C00949A32 /* Base */,
			);
			name = Main.storyboard;
			sourceTree = "<group>";
		};
		56A12B9629B6CB4D00949A32 /* LaunchScreen.storyboard */ = {
			isa = PBXVariantGroup;
			children = (
				56A12B9729B6CB4D00949A32 /* Base */,
			);
			name = LaunchScreen.storyboard;
			sourceTree = "<group>";
		};
/* End PBXVariantGroup section */

/* Begin XCBuildConfiguration section */
		56A12B9A29B6CB4D00949A32 /* Debug */ = {
			isa = XCBuildConfiguration;
			buildSettings = {
				ALWAYS_SEARCH_USER_PATHS = NO;
				CLANG_ANALYZER_NONNULL = YES;
				CLANG_ANALYZER_NUMBER_OBJECT_CONVERSION = YES_AGGRESSIVE;
				CLANG_CXX_LANGUAGE_STANDARD = "gnu++20";
				CLANG_ENABLE_MODULES = YES;
				CLANG_ENABLE_OBJC_ARC = YES;
				CLANG_ENABLE_OBJC_WEAK = YES;
				CLANG_WARN_BLOCK_CAPTURE_AUTORELEASING = YES;
				CLANG_WARN_BOOL_CONVERSION = YES;
				CLANG_WARN_COMMA = YES;
				CLANG_WARN_CONSTANT_CONVERSION = YES;
				CLANG_WARN_DEPRECATED_OBJC_IMPLEMENTATIONS = YES;
				CLANG_WARN_DIRECT_OBJC_ISA_USAGE = YES_ERROR;
				CLANG_WARN_DOCUMENTATION_COMMENTS = YES;
				CLANG_WARN_EMPTY_BODY = YES;
				CLANG_WARN_ENUM_CONVERSION = YES;
				CLANG_WARN_INFINITE_RECURSION = YES;
				CLANG_WARN_INT_CONVERSION = YES;
				CLANG_WARN_NON_LITERAL_NULL_CONVERSION = YES;
				CLANG_WARN_OBJC_IMPLICIT_RETAIN_SELF = YES;
				CLANG_WARN_OBJC_LITERAL_CONVERSION = YES;
				CLANG_WARN_OBJC_ROOT_CLASS = YES_ERROR;
				CLANG_WARN_QUOTED_INCLUDE_IN_FRAMEWORK_HEADER = YES;
				CLANG_WARN_RANGE_LOOP_ANALYSIS = YES;
				CLANG_WARN_STRICT_PROTOTYPES = YES;
				CLANG_WARN_SUSPICIOUS_MOVE = YES;
				CLANG_WARN_UNGUARDED_AVAILABILITY = YES_AGGRESSIVE;
				CLANG_WARN_UNREACHABLE_CODE = YES;
				CLANG_WARN__DUPLICATE_METHOD_MATCH = YES;
				COPY_PHASE_STRIP = NO;
				DEBUG_INFORMATION_FORMAT = dwarf;
				ENABLE_STRICT_OBJC_MSGSEND = YES;
				ENABLE_TESTABILITY = YES;
				GCC_C_LANGUAGE_STANDARD = gnu11;
				GCC_DYNAMIC_NO_PIC = NO;
				GCC_NO_COMMON_BLOCKS = YES;
				GCC_OPTIMIZATION_LEVEL = 0;
				GCC_PREPROCESSOR_DEFINITIONS = (
					"DEBUG=1",
					"$(inherited)",
				);
				GCC_WARN_64_TO_32_BIT_CONVERSION = YES;
				GCC_WARN_ABOUT_RETURN_TYPE = YES_ERROR;
				GCC_WARN_UNDECLARED_SELECTOR = YES;
				GCC_WARN_UNINITIALIZED_AUTOS = YES_AGGRESSIVE;
				GCC_WARN_UNUSED_FUNCTION = YES;
				GCC_WARN_UNUSED_VARIABLE = YES;
				IPHONEOS_DEPLOYMENT_TARGET = 16.2;
				MTL_ENABLE_DEBUG_INFO = INCLUDE_SOURCE;
				MTL_FAST_MATH = YES;
				ONLY_ACTIVE_ARCH = YES;
				SDKROOT = iphoneos;
				SWIFT_ACTIVE_COMPILATION_CONDITIONS = DEBUG;
				SWIFT_OPTIMIZATION_LEVEL = "-Onone";
			};
			name = Debug;
		};
		56A12B9B29B6CB4D00949A32 /* Release */ = {
			isa = XCBuildConfiguration;
			buildSettings = {
				ALWAYS_SEARCH_USER_PATHS = NO;
				CLANG_ANALYZER_NONNULL = YES;
				CLANG_ANALYZER_NUMBER_OBJECT_CONVERSION = YES_AGGRESSIVE;
				CLANG_CXX_LANGUAGE_STANDARD = "gnu++20";
				CLANG_ENABLE_MODULES = YES;
				CLANG_ENABLE_OBJC_ARC = YES;
				CLANG_ENABLE_OBJC_WEAK = YES;
				CLANG_WARN_BLOCK_CAPTURE_AUTORELEASING = YES;
				CLANG_WARN_BOOL_CONVERSION = YES;
				CLANG_WARN_COMMA = YES;
				CLANG_WARN_CONSTANT_CONVERSION = YES;
				CLANG_WARN_DEPRECATED_OBJC_IMPLEMENTATIONS = YES;
				CLANG_WARN_DIRECT_OBJC_ISA_USAGE = YES_ERROR;
				CLANG_WARN_DOCUMENTATION_COMMENTS = YES;
				CLANG_WARN_EMPTY_BODY = YES;
				CLANG_WARN_ENUM_CONVERSION = YES;
				CLANG_WARN_INFINITE_RECURSION = YES;
				CLANG_WARN_INT_CONVERSION = YES;
				CLANG_WARN_NON_LITERAL_NULL_CONVERSION = YES;
				CLANG_WARN_OBJC_IMPLICIT_RETAIN_SELF = YES;
				CLANG_WARN_OBJC_LITERAL_CONVERSION = YES;
				CLANG_WARN_OBJC_ROOT_CLASS = YES_ERROR;
				CLANG_WARN_QUOTED_INCLUDE_IN_FRAMEWORK_HEADER = YES;
				CLANG_WARN_RANGE_LOOP_ANALYSIS = YES;
				CLANG_WARN_STRICT_PROTOTYPES = YES;
				CLANG_WARN_SUSPICIOUS_MOVE = YES;
				CLANG_WARN_UNGUARDED_AVAILABILITY = YES_AGGRESSIVE;
				CLANG_WARN_UNREACHABLE_CODE = YES;
				CLANG_WARN__DUPLICATE_METHOD_MATCH = YES;
				COPY_PHASE_STRIP = NO;
				DEBUG_INFORMATION_FORMAT = "dwarf-with-dsym";
				ENABLE_NS_ASSERTIONS = NO;
				ENABLE_STRICT_OBJC_MSGSEND = YES;
				GCC_C_LANGUAGE_STANDARD = gnu11;
				GCC_NO_COMMON_BLOCKS = YES;
				GCC_WARN_64_TO_32_BIT_CONVERSION = YES;
				GCC_WARN_ABOUT_RETURN_TYPE = YES_ERROR;
				GCC_WARN_UNDECLARED_SELECTOR = YES;
				GCC_WARN_UNINITIALIZED_AUTOS = YES_AGGRESSIVE;
				GCC_WARN_UNUSED_FUNCTION = YES;
				GCC_WARN_UNUSED_VARIABLE = YES;
				IPHONEOS_DEPLOYMENT_TARGET = 16.2;
				MTL_ENABLE_DEBUG_INFO = NO;
				MTL_FAST_MATH = YES;
				SDKROOT = iphoneos;
				SWIFT_COMPILATION_MODE = wholemodule;
				SWIFT_OPTIMIZATION_LEVEL = "-O";
				VALIDATE_PRODUCT = YES;
			};
			name = Release;
		};
		56A12B9D29B6CB4D00949A32 /* Debug */ = {
			isa = XCBuildConfiguration;
			baseConfigurationReference = 41846763CC8EE3CCA77C344C /* Pods-talkApp.debug.xcconfig */;
			buildSettings = {
				ASSETCATALOG_COMPILER_APPICON_NAME = AppIcon;
				ASSETCATALOG_COMPILER_GLOBAL_ACCENT_COLOR_NAME = AccentColor;
				CODE_SIGN_STYLE = Automatic;
				CURRENT_PROJECT_VERSION = 1;
				GENERATE_INFOPLIST_FILE = YES;
				INFOPLIST_FILE = talkApp/Info.plist;
				INFOPLIST_KEY_UIApplicationSupportsIndirectInputEvents = YES;
				INFOPLIST_KEY_UILaunchStoryboardName = LaunchScreen;
				INFOPLIST_KEY_UIMainStoryboardFile = Main;
				INFOPLIST_KEY_UISupportedInterfaceOrientations_iPad = "UIInterfaceOrientationPortrait UIInterfaceOrientationPortraitUpsideDown UIInterfaceOrientationLandscapeLeft UIInterfaceOrientationLandscapeRight";
				INFOPLIST_KEY_UISupportedInterfaceOrientations_iPhone = "UIInterfaceOrientationPortrait UIInterfaceOrientationLandscapeLeft UIInterfaceOrientationLandscapeRight";
				LD_RUNPATH_SEARCH_PATHS = (
					"$(inherited)",
					"@executable_path/Frameworks",
				);
				MARKETING_VERSION = 1.0;
				PRODUCT_BUNDLE_IDENTIFIER = net.talkApp.talkApp;
				PRODUCT_NAME = "$(TARGET_NAME)";
				SWIFT_EMIT_LOC_STRINGS = YES;
				SWIFT_VERSION = 5.0;
				TARGETED_DEVICE_FAMILY = "1,2";
			};
			name = Debug;
		};
		56A12B9E29B6CB4D00949A32 /* Release */ = {
			isa = XCBuildConfiguration;
			baseConfigurationReference = 03E24D6E293ACF3B5FEDC0DB /* Pods-talkApp.release.xcconfig */;
			buildSettings = {
				ASSETCATALOG_COMPILER_APPICON_NAME = AppIcon;
				ASSETCATALOG_COMPILER_GLOBAL_ACCENT_COLOR_NAME = AccentColor;
				CODE_SIGN_STYLE = Automatic;
				CURRENT_PROJECT_VERSION = 1;
				GENERATE_INFOPLIST_FILE = YES;
				INFOPLIST_FILE = talkApp/Info.plist;
				INFOPLIST_KEY_UIApplicationSupportsIndirectInputEvents = YES;
				INFOPLIST_KEY_UILaunchStoryboardName = LaunchScreen;
				INFOPLIST_KEY_UIMainStoryboardFile = Main;
				INFOPLIST_KEY_UISupportedInterfaceOrientations_iPad = "UIInterfaceOrientationPortrait UIInterfaceOrientationPortraitUpsideDown UIInterfaceOrientationLandscapeLeft UIInterfaceOrientationLandscapeRight";
				INFOPLIST_KEY_UISupportedInterfaceOrientations_iPhone = "UIInterfaceOrientationPortrait UIInterfaceOrientationLandscapeLeft UIInterfaceOrientationLandscapeRight";
				LD_RUNPATH_SEARCH_PATHS = (
					"$(inherited)",
					"@executable_path/Frameworks",
				);
				MARKETING_VERSION = 1.0;
				PRODUCT_BUNDLE_IDENTIFIER = net.talkApp.talkApp;
				PRODUCT_NAME = "$(TARGET_NAME)";
				SWIFT_EMIT_LOC_STRINGS = YES;
				SWIFT_VERSION = 5.0;
				TARGETED_DEVICE_FAMILY = "1,2";
			};
			name = Release;
		};
/* End XCBuildConfiguration section */

/* Begin XCConfigurationList section */
		56A12B8329B6CB4C00949A32 /* Build configuration list for PBXProject "talkApp" */ = {
			isa = XCConfigurationList;
			buildConfigurations = (
				56A12B9A29B6CB4D00949A32 /* Debug */,
				56A12B9B29B6CB4D00949A32 /* Release */,
			);
			defaultConfigurationIsVisible = 0;
			defaultConfigurationName = Release;
		};
		56A12B9C29B6CB4D00949A32 /* Build configuration list for PBXNativeTarget "talkApp" */ = {
			isa = XCConfigurationList;
			buildConfigurations = (
				56A12B9D29B6CB4D00949A32 /* Debug */,
				56A12B9E29B6CB4D00949A32 /* Release */,
			);
			defaultConfigurationIsVisible = 0;
			defaultConfigurationName = Release;
		};
/* End XCConfigurationList section */

/* Begin XCRemoteSwiftPackageReference section */
		56A12BB229B6D17500949A32 /* XCRemoteSwiftPackageReference "firebase-ios-sdk" */ = {
			isa = XCRemoteSwiftPackageReference;
			repositoryURL = "https://github.com/firebase/firebase-ios-sdk.git";
			requirement = {
				kind = upToNextMajorVersion;
				minimumVersion = 9.0.0;
			};
		};
/* End XCRemoteSwiftPackageReference section */

/* Begin XCSwiftPackageProductDependency section */
		56A12BB329B6D17500949A32 /* FirebaseAnalytics */ = {
			isa = XCSwiftPackageProductDependency;
			package = 56A12BB229B6D17500949A32 /* XCRemoteSwiftPackageReference "firebase-ios-sdk" */;
			productName = FirebaseAnalytics;
		};
		56A12BB529B6D17500949A32 /* FirebaseAuth */ = {
			isa = XCSwiftPackageProductDependency;
			package = 56A12BB229B6D17500949A32 /* XCRemoteSwiftPackageReference "firebase-ios-sdk" */;
			productName = FirebaseAuth;
		};
		56A12BB729B6D17500949A32 /* FirebaseDatabase */ = {
			isa = XCSwiftPackageProductDependency;
			package = 56A12BB229B6D17500949A32 /* XCRemoteSwiftPackageReference "firebase-ios-sdk" */;
			productName = FirebaseDatabase;
		};
		56A12BB929B6D17500949A32 /* FirebaseFirestore */ = {
			isa = XCSwiftPackageProductDependency;
			package = 56A12BB229B6D17500949A32 /* XCRemoteSwiftPackageReference "firebase-ios-sdk" */;
			productName = FirebaseFirestore;
		};
		56A12BBB29B6D17500949A32 /* FirebaseFunctions */ = {
			isa = XCSwiftPackageProductDependency;
			package = 56A12BB229B6D17500949A32 /* XCRemoteSwiftPackageReference "firebase-ios-sdk" */;
			productName = FirebaseFunctions;
		};
		56A12BBD29B6D17500949A32 /* FirebaseMessaging */ = {
			isa = XCSwiftPackageProductDependency;
			package = 56A12BB229B6D17500949A32 /* XCRemoteSwiftPackageReference "firebase-ios-sdk" */;
			productName = FirebaseMessaging;
		};
		56A12BBF29B6D17500949A32 /* FirebaseRemoteConfig */ = {
			isa = XCSwiftPackageProductDependency;
			package = 56A12BB229B6D17500949A32 /* XCRemoteSwiftPackageReference "firebase-ios-sdk" */;
			productName = FirebaseRemoteConfig;
		};
		56A12BC129B6D17500949A32 /* FirebaseStorage */ = {
			isa = XCSwiftPackageProductDependency;
			package = 56A12BB229B6D17500949A32 /* XCRemoteSwiftPackageReference "firebase-ios-sdk" */;
			productName = FirebaseStorage;
		};
/* End XCSwiftPackageProductDependency section */
	};
	rootObject = 56A12B8029B6CB4C00949A32 /* Project object */;
}
